
Microsoft Visual Studio Solution File, Format Version 12.00
# Visual Studio Version 17
VisualStudioVersion = 17.5.002.0
MinimumVisualStudioVersion = 10.0.40219.1
Project("{9A19103F-16F7-4668-BE54-9A1E7A4F7556}") = "dcNewsSchedule", "dcNewsSchedule.csproj", "{642AC9E4-FABD-4569-A5F2-DF1A6702BD3F}"
EndProject
Global
	GlobalSection(SolutionConfigurationPlatforms) = preSolution
		Debug|Any CPU = Debug|Any CPU
		Release|Any CPU = Release|Any CPU
	EndGlobalSection
	GlobalSection(ProjectConfigurationPlatforms) = postSolution
		{642AC9E4-FABD-4569-A5F2-DF1A6702BD3F}.Debug|Any CPU.ActiveCfg = Debug|Any CPU
		{642AC9E4-FABD-4569-A5F2-DF1A6702BD3F}.Debug|Any CPU.Build.0 = Debug|Any CPU
		{642AC9E4-FABD-4569-A5F2-DF1A6702BD3F}.Release|Any CPU.ActiveCfg = Release|Any CPU
		{642AC9E4-FABD-4569-A5F2-DF1A6702BD3F}.Release|Any CPU.Build.0 = Release|Any CPU
	EndGlobalSection
	GlobalSection(SolutionProperties) = preSolution
		HideSolutionNode = FALSE
	EndGlobalSection
	GlobalSection(ExtensibilityGlobals) = postSolution
		SolutionGuid = {4F279E71-81F8-4F93-926B-25A75C74BDCE}
	EndGlobalSection
EndGlobal
